
Microsoft Visual Studio Solution File, Format Version 12.00
# Visual Studio 15
VisualStudioVersion = 15.0.27703.2035
MinimumVisualStudioVersion = 10.0.40219.1
Project("{FAE04EC0-301F-11D3-BF4B-00C04F79EFBC}") = "loop value", "loop value\loop value.csproj", "{379D9FFD-4CD4-48EE-B32E-411F6BAF4B93}"
EndProject
Global
	GlobalSection(SolutionConfigurationPlatforms) = preSolution
		Debug|Any CPU = Debug|Any CPU
		Release|Any CPU = Release|Any CPU
	EndGlobalSection
	GlobalSection(ProjectConfigurationPlatforms) = postSolution
		{379D9FFD-4CD4-48EE-B32E-411F6BAF4B93}.Debug|Any CPU.ActiveCfg = Debug|Any CPU
		{379D9FFD-4CD4-48EE-B32E-411F6BAF4B93}.Debug|Any CPU.Build.0 = Debug|Any CPU
		{379D9FFD-4CD4-48EE-B32E-411F6BAF4B93}.Release|Any CPU.ActiveCfg = Release|Any CPU
		{379D9FFD-4CD4-48EE-B32E-411F6BAF4B93}.Release|Any CPU.Build.0 = Release|Any CPU
	EndGlobalSection
	GlobalSection(SolutionProperties) = preSolution
		HideSolutionNode = FALSE
	EndGlobalSection
	GlobalSection(ExtensibilityGlobals) = postSolution
		SolutionGuid = {94A5A77A-0858-4052-9A07-EE26930FBE47}
	EndGlobalSection
EndGlobal
